
Microsoft Visual Studio Solution File, Format Version 12.00
# Visual Studio Version 16
VisualStudioVersion = 16.0.29411.108
MinimumVisualStudioVersion = 10.0.40219.1
Project("{9A19103F-16F7-4668-BE54-9A1E7A4F7556}") = "TPLDataflowProcessing", "TPLDataflowProcessing.csproj", "{6F1C1BF7-46D9-4401-8C7A-E0D0CFE420C5}"
EndProject
Project("{9A19103F-16F7-4668-BE54-9A1E7A4F7556}") = "Common.Wpf", "..\Common.Wpf\Common.Wpf.csproj", "{DAD4476B-351A-46EE-9D14-EF3902F18E75}"
EndProject
Global
	GlobalSection(SolutionConfigurationPlatforms) = preSolution
		Debug|Any CPU = Debug|Any CPU
		Release|Any CPU = Release|Any CPU
	EndGlobalSection
	GlobalSection(ProjectConfigurationPlatforms) = postSolution
		{6F1C1BF7-46D9-4401-8C7A-E0D0CFE420C5}.Debug|Any CPU.ActiveCfg = Debug|Any CPU
		{6F1C1BF7-46D9-4401-8C7A-E0D0CFE420C5}.Debug|Any CPU.Build.0 = Debug|Any CPU
		{6F1C1BF7-46D9-4401-8C7A-E0D0CFE420C5}.Release|Any CPU.ActiveCfg = Release|Any CPU
		{6F1C1BF7-46D9-4401-8C7A-E0D0CFE420C5}.Release|Any CPU.Build.0 = Release|Any CPU
		{DAD4476B-351A-46EE-9D14-EF3902F18E75}.Debug|Any CPU.ActiveCfg = Debug|Any CPU
		{DAD4476B-351A-46EE-9D14-EF3902F18E75}.Debug|Any CPU.Build.0 = Debug|Any CPU
		{DAD4476B-351A-46EE-9D14-EF3902F18E75}.Release|Any CPU.ActiveCfg = Release|Any CPU
		{DAD4476B-351A-46EE-9D14-EF3902F18E75}.Release|Any CPU.Build.0 = Release|Any CPU
	EndGlobalSection
	GlobalSection(SolutionProperties) = preSolution
		HideSolutionNode = FALSE
	EndGlobalSection
	GlobalSection(ExtensibilityGlobals) = postSolution
		SolutionGuid = {7625D392-52B8-4A05-86AF-68EC73AC5669}
	EndGlobalSection
EndGlobal
